
Microsoft Visual Studio Solution File, Format Version 12.00
# Visual Studio Version 17
VisualStudioVersion = 17.4.33213.308
MinimumVisualStudioVersion = 10.0.40219.1
Project("{9A19103F-16F7-4668-BE54-9A1E7A4F7556}") = "Payment-Gateway.main", "Payment-Gateway.main\Payment-Gateway.main.csproj", "{88B6EA53-E1AA-4509-800B-A52AF1CDA4D9}"
EndProject
Project("{9A19103F-16F7-4668-BE54-9A1E7A4F7556}") = "shared", "shared\shared.csproj", "{47D48DBD-5D19-4ADD-94A4-82E5ED235E63}"
EndProject
Global
	GlobalSection(SolutionConfigurationPlatforms) = preSolution
		Debug|Any CPU = Debug|Any CPU
		Release|Any CPU = Release|Any CPU
	EndGlobalSection
	GlobalSection(ProjectConfigurationPlatforms) = postSolution
		{88B6EA53-E1AA-4509-800B-A52AF1CDA4D9}.Debug|Any CPU.ActiveCfg = Debug|Any CPU
		{88B6EA53-E1AA-4509-800B-A52AF1CDA4D9}.Debug|Any CPU.Build.0 = Debug|Any CPU
		{88B6EA53-E1AA-4509-800B-A52AF1CDA4D9}.Release|Any CPU.ActiveCfg = Release|Any CPU
		{88B6EA53-E1AA-4509-800B-A52AF1CDA4D9}.Release|Any CPU.Build.0 = Release|Any CPU
		{47D48DBD-5D19-4ADD-94A4-82E5ED235E63}.Debug|Any CPU.ActiveCfg = Debug|Any CPU
		{47D48DBD-5D19-4ADD-94A4-82E5ED235E63}.Debug|Any CPU.Build.0 = Debug|Any CPU
		{47D48DBD-5D19-4ADD-94A4-82E5ED235E63}.Release|Any CPU.ActiveCfg = Release|Any CPU
		{47D48DBD-5D19-4ADD-94A4-82E5ED235E63}.Release|Any CPU.Build.0 = Release|Any CPU
	EndGlobalSection
	GlobalSection(SolutionProperties) = preSolution
		HideSolutionNode = FALSE
	EndGlobalSection
	GlobalSection(ExtensibilityGlobals) = postSolution
		SolutionGuid = {489DD0C2-1D20-441C-A1B4-30EC97F2D0D6}
	EndGlobalSection
EndGlobal
