
Microsoft Visual Studio Solution File, Format Version 12.00
# Visual Studio Version 17
VisualStudioVersion = 17.0.31903.59
MinimumVisualStudioVersion = 10.0.40219.1
Project("{9A19103F-16F7-4668-BE54-9A1E7A4F7556}") = "APIGateway", "APIGateway.csproj", "{61A8ADC2-2EAF-4D53-AE0F-E35C166F5094}"
EndProject
Global
	GlobalSection(SolutionConfigurationPlatforms) = preSolution
		Debug|Any CPU = Debug|Any CPU
		Release|Any CPU = Release|Any CPU
	EndGlobalSection
	GlobalSection(ProjectConfigurationPlatforms) = postSolution
		{61A8ADC2-2EAF-4D53-AE0F-E35C166F5094}.Debug|Any CPU.ActiveCfg = Debug|Any CPU
		{61A8ADC2-2EAF-4D53-AE0F-E35C166F5094}.Debug|Any CPU.Build.0 = Debug|Any CPU
		{61A8ADC2-2EAF-4D53-AE0F-E35C166F5094}.Release|Any CPU.ActiveCfg = Release|Any CPU
		{61A8ADC2-2EAF-4D53-AE0F-E35C166F5094}.Release|Any CPU.Build.0 = Release|Any CPU
	EndGlobalSection
	GlobalSection(SolutionProperties) = preSolution
		HideSolutionNode = FALSE
	EndGlobalSection
	GlobalSection(ExtensibilityGlobals) = postSolution
		SolutionGuid = {CA301777-F447-49B0-BD97-16A8B0BBF29E}
	EndGlobalSection
EndGlobal
